// !$*UTF8*$!
{
	archiveVersion = 1;
	classes = {
	};
	objectVersion = 50;
	objects = {

/* Begin PBXBuildFile section */
		2766F75120FDC3E300B8A2AF /* AppDelegate.swift in Sources */ = {isa = PBXBuildFile; fileRef = 2766F75020FDC3E300B8A2AF /* AppDelegate.swift */; };
		2766F75320FDC3E300B8A2AF /* ViewController.swift in Sources */ = {isa = PBXBuildFile; fileRef = 2766F75220FDC3E300B8A2AF /* ViewController.swift */; };
		2766F75620FDC3E300B8A2AF /* Main.storyboard in Resources */ = {isa = PBXBuildFile; fileRef = 2766F75420FDC3E300B8A2AF /* Main.storyboard */; };
		2766F75920FDC3E300B8A2AF /* OtpFlow.xcdatamodeld in Sources */ = {isa = PBXBuildFile; fileRef = 2766F75720FDC3E300B8A2AF /* OtpFlow.xcdatamodeld */; };
		2766F75B20FDC3E700B8A2AF /* Assets.xcassets in Resources */ = {isa = PBXBuildFile; fileRef = 2766F75A20FDC3E700B8A2AF /* Assets.xcassets */; };
		2766F75E20FDC3E700B8A2AF /* LaunchScreen.storyboard in Resources */ = {isa = PBXBuildFile; fileRef = 2766F75C20FDC3E700B8A2AF /* LaunchScreen.storyboard */; };
		2766F76920FDC3E700B8A2AF /* OtpFlowTests.swift in Sources */ = {isa = PBXBuildFile; fileRef = 2766F76820FDC3E700B8A2AF /* OtpFlowTests.swift */; };
		2766F77420FDC3E700B8A2AF /* OtpFlowUITests.swift in Sources */ = {isa = PBXBuildFile; fileRef = 2766F77320FDC3E700B8A2AF /* OtpFlowUITests.swift */; };
/* End PBXBuildFile section */

/* Begin PBXContainerItemProxy section */
		2766F76520FDC3E700B8A2AF /* PBXContainerItemProxy */ = {
			isa = PBXContainerItemProxy;
			containerPortal = 2766F74520FDC3E300B8A2AF /* Project object */;
			proxyType = 1;
			remoteGlobalIDString = 2766F74C20FDC3E300B8A2AF;
			remoteInfo = OtpFlow;
		};
		2766F77020FDC3E700B8A2AF /* PBXContainerItemProxy */ = {
			isa = PBXContainerItemProxy;
			containerPortal = 2766F74520FDC3E300B8A2AF /* Project object */;
			proxyType = 1;
			remoteGlobalIDString = 2766F74C20FDC3E300B8A2AF;
			remoteInfo = OtpFlow;
		};
/* End PBXContainerItemProxy section */

/* Begin PBXFileReference section */
		2766F74D20FDC3E300B8A2AF /* OtpFlow.app */ = {isa = PBXFileReference; explicitFileType = wrapper.application; includeInIndex = 0; path = OtpFlow.app; sourceTree = BUILT_PRODUCTS_DIR; };
		2766F75020FDC3E300B8A2AF /* AppDelegate.swift */ = {isa = PBXFileReference; lastKnownFileType = sourcecode.swift; path = AppDelegate.swift; sourceTree = "<group>"; };
		2766F75220FDC3E300B8A2AF /* ViewController.swift */ = {isa = PBXFileReference; lastKnownFileType = sourcecode.swift; path = ViewController.swift; sourceTree = "<group>"; };
		2766F75520FDC3E300B8A2AF /* Base */ = {isa = PBXFileReference; lastKnownFileType = file.storyboard; name = Base; path = Base.lproj/Main.storyboard; sourceTree = "<group>"; };
		2766F75820FDC3E300B8A2AF /* OtpFlow.xcdatamodel */ = {isa = PBXFileReference; lastKnownFileType = wrapper.xcdatamodel; path = OtpFlow.xcdatamodel; sourceTree = "<group>"; };
		2766F75A20FDC3E700B8A2AF /* Assets.xcassets */ = {isa = PBXFileReference; lastKnownFileType = folder.assetcatalog; path = Assets.xcassets; sourceTree = "<group>"; };
		2766F75D20FDC3E700B8A2AF /* Base */ = {isa = PBXFileReference; lastKnownFileType = file.storyboard; name = Base; path = Base.lproj/LaunchScreen.storyboard; sourceTree = "<group>"; };
		2766F75F20FDC3E700B8A2AF /* Info.plist */ = {isa = PBXFileReference; lastKnownFileType = text.plist.xml; path = Info.plist; sourceTree = "<group>"; };
		2766F76420FDC3E700B8A2AF /* OtpFlowTests.xctest */ = {isa = PBXFileReference; explicitFileType = wrapper.cfbundle; includeInIndex = 0; path = OtpFlowTests.xctest; sourceTree = BUILT_PRODUCTS_DIR; };
		2766F76820FDC3E700B8A2AF /* OtpFlowTests.swift */ = {isa = PBXFileReference; lastKnownFileType = sourcecode.swift; path = OtpFlowTests.swift; sourceTree = "<group>"; };
		2766F76A20FDC3E700B8A2AF /* Info.plist */ = {isa = PBXFileReference; lastKnownFileType = text.plist.xml; path = Info.plist; sourceTree = "<group>"; };
		2766F76F20FDC3E700B8A2AF /* OtpFlowUITests.xctest */ = {isa = PBXFileReference; explicitFileType = wrapper.cfbundle; includeInIndex = 0; path = OtpFlowUITests.xctest; sourceTree = BUILT_PRODUCTS_DIR; };
		2766F77320FDC3E700B8A2AF /* OtpFlowUITests.swift */ = {isa = PBXFileReference; lastKnownFileType = sourcecode.swift; path = OtpFlowUITests.swift; sourceTree = "<group>"; };
		2766F77520FDC3E700B8A2AF /* Info.plist */ = {isa = PBXFileReference; lastKnownFileType = text.plist.xml; path = Info.plist; sourceTree = "<group>"; };
/* End PBXFileReference section */

/* Begin PBXFrameworksBuildPhase section */
		2766F74A20FDC3E300B8A2AF /* Frameworks */ = {
			isa = PBXFrameworksBuildPhase;
			buildActionMask = 2147483647;
			files = (
			);
			runOnlyForDeploymentPostprocessing = 0;
		};
		2766F76120FDC3E700B8A2AF /* Frameworks */ = {
			isa = PBXFrameworksBuildPhase;
			buildActionMask = 2147483647;
			files = (
			);
			runOnlyForDeploymentPostprocessing = 0;
		};
		2766F76C20FDC3E700B8A2AF /* Frameworks */ = {
			isa = PBXFrameworksBuildPhase;
			buildActionMask = 2147483647;
			files = (
			);
			runOnlyForDeploymentPostprocessing = 0;
		};
/* End PBXFrameworksBuildPhase section */

/* Begin PBXGroup section */
		2766F74420FDC3E300B8A2AF = {
			isa = PBXGroup;
			children = (
				2766F74F20FDC3E300B8A2AF /* OtpFlow */,
				2766F76720FDC3E700B8A2AF /* OtpFlowTests */,
				2766F77220FDC3E700B8A2AF /* OtpFlowUITests */,
				2766F74E20FDC3E300B8A2AF /* Products */,
			);
			sourceTree = "<group>";
		};
		2766F74E20FDC3E300B8A2AF /* Products */ = {
			isa = PBXGroup;
			children = (
				2766F74D20FDC3E300B8A2AF /* OtpFlow.app */,
				2766F76420FDC3E700B8A2AF /* OtpFlowTests.xctest */,
				2766F76F20FDC3E700B8A2AF /* OtpFlowUITests.xctest */,
			);
			name = Products;
			sourceTree = "<group>";
		};
		2766F74F20FDC3E300B8A2AF /* OtpFlow */ = {
			isa = PBXGroup;
			children = (
				2766F75020FDC3E300B8A2AF /* AppDelegate.swift */,
				2766F75220FDC3E300B8A2AF /* ViewController.swift */,
				2766F75420FDC3E300B8A2AF /* Main.storyboard */,
				2766F75A20FDC3E700B8A2AF /* Assets.xcassets */,
				2766F75C20FDC3E700B8A2AF /* LaunchScreen.storyboard */,
				2766F75F20FDC3E700B8A2AF /* Info.plist */,
				2766F75720FDC3E300B8A2AF /* OtpFlow.xcdatamodeld */,
			);
			path = OtpFlow;
			sourceTree = "<group>";
		};
		2766F76720FDC3E700B8A2AF /* OtpFlowTests */ = {
			isa = PBXGroup;
			children = (
				2766F76820FDC3E700B8A2AF /* OtpFlowTests.swift */,
				2766F76A20FDC3E700B8A2AF /* Info.plist */,
			);
			path = OtpFlowTests;
			sourceTree = "<group>";
		};
		2766F77220FDC3E700B8A2AF /* OtpFlowUITests */ = {
			isa = PBXGroup;
			children = (
				2766F77320FDC3E700B8A2AF /* OtpFlowUITests.swift */,
				2766F77520FDC3E700B8A2AF /* Info.plist */,
			);
			path = OtpFlowUITests;
			sourceTree = "<group>";
		};
/* End PBXGroup section */

/* Begin PBXNativeTarget section */
		2766F74C20FDC3E300B8A2AF /* OtpFlow */ = {
			isa = PBXNativeTarget;
			buildConfigurationList = 2766F77820FDC3E700B8A2AF /* Build configuration list for PBXNativeTarget "OtpFlow" */;
			buildPhases = (
				2766F74920FDC3E300B8A2AF /* Sources */,
				2766F74A20FDC3E300B8A2AF /* Frameworks */,
				2766F74B20FDC3E300B8A2AF /* Resources */,
			);
			buildRules = (
			);
			dependencies = (
			);
			name = OtpFlow;
			productName = OtpFlow;
			productReference = 2766F74D20FDC3E300B8A2AF /* OtpFlow.app */;
			productType = "com.apple.product-type.application";
		};
		2766F76320FDC3E700B8A2AF /* OtpFlowTests */ = {
			isa = PBXNativeTarget;
			buildConfigurationList = 2766F77B20FDC3E700B8A2AF /* Build configuration list for PBXNativeTarget "OtpFlowTests" */;
			buildPhases = (
				2766F76020FDC3E700B8A2AF /* Sources */,
				2766F76120FDC3E700B8A2AF /* Frameworks */,
				2766F76220FDC3E700B8A2AF /* Resources */,
			);
			buildRules = (
			);
			dependencies = (
				2766F76620FDC3E700B8A2AF /* PBXTargetDependency */,
			);
			name = OtpFlowTests;
			productName = OtpFlowTests;
			productReference = 2766F76420FDC3E700B8A2AF /* OtpFlowTests.xctest */;
			productType = "com.apple.product-type.bundle.unit-test";
		};
		2766F76E20FDC3E700B8A2AF /* OtpFlowUITests */ = {
			isa = PBXNativeTarget;
			buildConfigurationList = 2766F77E20FDC3E700B8A2AF /* Build configuration list for PBXNativeTarget "OtpFlowUITests" */;
			buildPhases = (
				2766F76B20FDC3E700B8A2AF /* Sources */,
				2766F76C20FDC3E700B8A2AF /* Frameworks */,
				2766F76D20FDC3E700B8A2AF /* Resources */,
			);
			buildRules = (
			);
			dependencies = (
				2766F77120FDC3E700B8A2AF /* PBXTargetDependency */,
			);
			name = OtpFlowUITests;
			productName = OtpFlowUITests;
			productReference = 2766F76F20FDC3E700B8A2AF /* OtpFlowUITests.xctest */;
			productType = "com.apple.product-type.bundle.ui-testing";
		};
/* End PBXNativeTarget section */

/* Begin PBXProject section */
		2766F74520FDC3E300B8A2AF /* Project object */ = {
			isa = PBXProject;
			attributes = {
				LastSwiftUpdateCheck = 0940;
				LastUpgradeCheck = 0940;
				ORGANIZATIONNAME = Auyotoc;
				TargetAttributes = {
					2766F74C20FDC3E300B8A2AF = {
						CreatedOnToolsVersion = 9.4.1;
					};
					2766F76320FDC3E700B8A2AF = {
						CreatedOnToolsVersion = 9.4.1;
						TestTargetID = 2766F74C20FDC3E300B8A2AF;
					};
					2766F76E20FDC3E700B8A2AF = {
						CreatedOnToolsVersion = 9.4.1;
						TestTargetID = 2766F74C20FDC3E300B8A2AF;
					};
				};
			};
			buildConfigurationList = 2766F74820FDC3E300B8A2AF /* Build configuration list for PBXProject "OtpFlow" */;
			compatibilityVersion = "Xcode 9.3";
			developmentRegion = en;
			hasScannedForEncodings = 0;
			knownRegions = (
				en,
				Base,
			);
			mainGroup = 2766F74420FDC3E300B8A2AF;
			productRefGroup = 2766F74E20FDC3E300B8A2AF /* Products */;
			projectDirPath = "";
			projectRoot = "";
			targets = (
				2766F74C20FDC3E300B8A2AF /* OtpFlow */,
				2766F76320FDC3E700B8A2AF /* OtpFlowTests */,
				2766F76E20FDC3E700B8A2AF /* OtpFlowUITests */,
			);
		};
/* End PBXProject section */

/* Begin PBXResourcesBuildPhase section */
		2766F74B20FDC3E300B8A2AF /* Resources */ = {
			isa = PBXResourcesBuildPhase;
			buildActionMask = 2147483647;
			files = (
				2766F75E20FDC3E700B8A2AF /* LaunchScreen.storyboard in Resources */,
				2766F75B20FDC3E700B8A2AF /* Assets.xcassets in Resources */,
				2766F75620FDC3E300B8A2AF /* Main.storyboard in Resources */,
			);
			runOnlyForDeploymentPostprocessing = 0;
		};
		2766F76220FDC3E700B8A2AF /* Resources */ = {
			isa = PBXResourcesBuildPhase;
			buildActionMask = 2147483647;
			files = (
			);
			runOnlyForDeploymentPostprocessing = 0;
		};
		2766F76D20FDC3E700B8A2AF /* Resources */ = {
			isa = PBXResourcesBuildPhase;
			buildActionMask = 2147483647;
			files = (
			);
			runOnlyForDeploymentPostprocessing = 0;
		};
/* End PBXResourcesBuildPhase section */

/* Begin PBXSourcesBuildPhase section */
		2766F74920FDC3E300B8A2AF /* Sources */ = {
			isa = PBXSourcesBuildPhase;
			buildActionMask = 2147483647;
			files = (
				2766F75920FDC3E300B8A2AF /* OtpFlow.xcdatamodeld in Sources */,
				2766F75320FDC3E300B8A2AF /* ViewController.swift in Sources */,
				2766F75120FDC3E300B8A2AF /* AppDelegate.swift in Sources */,
			);
			runOnlyForDeploymentPostprocessing = 0;
		};
		2766F76020FDC3E700B8A2AF /* Sources */ = {
			isa = PBXSourcesBuildPhase;
			buildActionMask = 2147483647;
			files = (
				2766F76920FDC3E700B8A2AF /* OtpFlowTests.swift in Sources */,
			);
			runOnlyForDeploymentPostprocessing = 0;
		};
		2766F76B20FDC3E700B8A2AF /* Sources */ = {
			isa = PBXSourcesBuildPhase;
			buildActionMask = 2147483647;
			files = (
				2766F77420FDC3E700B8A2AF /* OtpFlowUITests.swift in Sources */,
			);
			runOnlyForDeploymentPostprocessing = 0;
		};
/* End PBXSourcesBuildPhase section */

/* Begin PBXTargetDependency section */
		2766F76620FDC3E700B8A2AF /* PBXTargetDependency */ = {
			isa = PBXTargetDependency;
			target = 2766F74C20FDC3E300B8A2AF /* OtpFlow */;
			targetProxy = 2766F76520FDC3E700B8A2AF /* PBXContainerItemProxy */;
		};
		2766F77120FDC3E700B8A2AF /* PBXTargetDependency */ = {
			isa = PBXTargetDependency;
			target = 2766F74C20FDC3E300B8A2AF /* OtpFlow */;
			targetProxy = 2766F77020FDC3E700B8A2AF /* PBXContainerItemProxy */;
		};
/* End PBXTargetDependency section */

/* Begin PBXVariantGroup section */
		2766F75420FDC3E300B8A2AF /* Main.storyboard */ = {
			isa = PBXVariantGroup;
			children = (
				2766F75520FDC3E300B8A2AF /* Base */,
			);
			name = Main.storyboard;
			sourceTree = "<group>";
		};
		2766F75C20FDC3E700B8A2AF /* LaunchScreen.storyboard */ = {
			isa = PBXVariantGroup;
			children = (
				2766F75D20FDC3E700B8A2AF /* Base */,
			);
			name = LaunchScreen.storyboard;
			sourceTree = "<group>";
		};
/* End PBXVariantGroup section */

/* Begin XCBuildConfiguration section */
		2766F77620FDC3E700B8A2AF /* Debug */ = {
			isa = XCBuildConfiguration;
			buildSettings = {
				ALWAYS_SEARCH_USER_PATHS = NO;
				CLANG_ANALYZER_NONNULL = YES;
				CLANG_ANALYZER_NUMBER_OBJECT_CONVERSION = YES_AGGRESSIVE;
				CLANG_CXX_LANGUAGE_STANDARD = "gnu++14";
				CLANG_CXX_LIBRARY = "libc++";
				CLANG_ENABLE_MODULES = YES;
				CLANG_ENABLE_OBJC_ARC = YES;
				CLANG_ENABLE_OBJC_WEAK = YES;
				CLANG_WARN_BLOCK_CAPTURE_AUTORELEASING = YES;
				CLANG_WARN_BOOL_CONVERSION = YES;
				CLANG_WARN_COMMA = YES;
				CLANG_WARN_CONSTANT_CONVERSION = YES;
				CLANG_WARN_DEPRECATED_OBJC_IMPLEMENTATIONS = YES;
				CLANG_WARN_DIRECT_OBJC_ISA_USAGE = YES_ERROR;
				CLANG_WARN_DOCUMENTATION_COMMENTS = YES;
				CLANG_WARN_EMPTY_BODY = YES;
				CLANG_WARN_ENUM_CONVERSION = YES;
				CLANG_WARN_INFINITE_RECURSION = YES;
				CLANG_WARN_INT_CONVERSION = YES;
				CLANG_WARN_NON_LITERAL_NULL_CONVERSION = YES;
				CLANG_WARN_OBJC_IMPLICIT_RETAIN_SELF = YES;
				CLANG_WARN_OBJC_LITERAL_CONVERSION = YES;
				CLANG_WARN_OBJC_ROOT_CLASS = YES_ERROR;
				CLANG_WARN_RANGE_LOOP_ANALYSIS = YES;
				CLANG_WARN_STRICT_PROTOTYPES = YES;
				CLANG_WARN_SUSPICIOUS_MOVE = YES;
				CLANG_WARN_UNGUARDED_AVAILABILITY = YES_AGGRESSIVE;
				CLANG_WARN_UNREACHABLE_CODE = YES;
				CLANG_WARN__DUPLICATE_METHOD_MATCH = YES;
				CODE_SIGN_IDENTITY = "iPhone Developer";
				COPY_PHASE_STRIP = NO;
				DEBUG_INFORMATION_FORMAT = dwarf;
				ENABLE_STRICT_OBJC_MSGSEND = YES;
				ENABLE_TESTABILITY = YES;
				GCC_C_LANGUAGE_STANDARD = gnu11;
				GCC_DYNAMIC_NO_PIC = NO;
				GCC_NO_COMMON_BLOCKS = YES;
				GCC_OPTIMIZATION_LEVEL = 0;
				GCC_PREPROCESSOR_DEFINITIONS = (
					"DEBUG=1",
					"$(inherited)",
				);
				GCC_WARN_64_TO_32_BIT_CONVERSION = YES;
				GCC_WARN_ABOUT_RETURN_TYPE = YES_ERROR;
				GCC_WARN_UNDECLARED_SELECTOR = YES;
				GCC_WARN_UNINITIALIZED_AUTOS = YES_AGGRESSIVE;
				GCC_WARN_UNUSED_FUNCTION = YES;
				GCC_WARN_UNUSED_VARIABLE = YES;
				IPHONEOS_DEPLOYMENT_TARGET = 11.4;
				MTL_ENABLE_DEBUG_INFO = YES;
				ONLY_ACTIVE_ARCH = YES;
				SDKROOT = iphoneos;
				SWIFT_ACTIVE_COMPILATION_CONDITIONS = DEBUG;
				SWIFT_OPTIMIZATION_LEVEL = "-Onone";
			};
			name = Debug;
		};
		2766F77720FDC3E700B8A2AF /* Release */ = {
			isa = XCBuildConfiguration;
			buildSettings = {
				ALWAYS_SEARCH_USER_PATHS = NO;
				CLANG_ANALYZER_NONNULL = YES;
				CLANG_ANALYZER_NUMBER_OBJECT_CONVERSION = YES_AGGRESSIVE;
				CLANG_CXX_LANGUAGE_STANDARD = "gnu++14";
				CLANG_CXX_LIBRARY = "libc++";
				CLANG_ENABLE_MODULES = YES;
				CLANG_ENABLE_OBJC_ARC = YES;
				CLANG_ENABLE_OBJC_WEAK = YES;
				CLANG_WARN_BLOCK_CAPTURE_AUTORELEASING = YES;
				CLANG_WARN_BOOL_CONVERSION = YES;
				CLANG_WARN_COMMA = YES;
				CLANG_WARN_CONSTANT_CONVERSION = YES;
				CLANG_WARN_DEPRECATED_OBJC_IMPLEMENTATIONS = YES;
				CLANG_WARN_DIRECT_OBJC_ISA_USAGE = YES_ERROR;
				CLANG_WARN_DOCUMENTATION_COMMENTS = YES;
				CLANG_WARN_EMPTY_BODY = YES;
				CLANG_WARN_ENUM_CONVERSION = YES;
				CLANG_WARN_INFINITE_RECURSION = YES;
				CLANG_WARN_INT_CONVERSION = YES;
				CLANG_WARN_NON_LITERAL_NULL_CONVERSION = YES;
				CLANG_WARN_OBJC_IMPLICIT_RETAIN_SELF = YES;
				CLANG_WARN_OBJC_LITERAL_CONVERSION = YES;
				CLANG_WARN_OBJC_ROOT_CLASS = YES_ERROR;
				CLANG_WARN_RANGE_LOOP_ANALYSIS = YES;
				CLANG_WARN_STRICT_PROTOTYPES = YES;
				CLANG_WARN_SUSPICIOUS_MOVE = YES;
				CLANG_WARN_UNGUARDED_AVAILABILITY = YES_AGGRESSIVE;
				CLANG_WARN_UNREACHABLE_CODE = YES;
				CLANG_WARN__DUPLICATE_METHOD_MATCH = YES;
				CODE_SIGN_IDENTITY = "iPhone Developer";
				COPY_PHASE_STRIP = NO;
				DEBUG_INFORMATION_FORMAT = "dwarf-with-dsym";
				ENABLE_NS_ASSERTIONS = NO;
				ENABLE_STRICT_OBJC_MSGSEND = YES;
				GCC_C_LANGUAGE_STANDARD = gnu11;
				GCC_NO_COMMON_BLOCKS = YES;
				GCC_WARN_64_TO_32_BIT_CONVERSION = YES;
				GCC_WARN_ABOUT_RETURN_TYPE = YES_ERROR;
				GCC_WARN_UNDECLARED_SELECTOR = YES;
				GCC_WARN_UNINITIALIZED_AUTOS = YES_AGGRESSIVE;
				GCC_WARN_UNUSED_FUNCTION = YES;
				GCC_WARN_UNUSED_VARIABLE = YES;
				IPHONEOS_DEPLOYMENT_TARGET = 11.4;
				MTL_ENABLE_DEBUG_INFO = NO;
				SDKROOT = iphoneos;
				SWIFT_COMPILATION_MODE = wholemodule;
				SWIFT_OPTIMIZATION_LEVEL = "-O";
				VALIDATE_PRODUCT = YES;
			};
			name = Release;
		};
		2766F77920FDC3E700B8A2AF /* Debug */ = {
			isa = XCBuildConfiguration;
			buildSettings = {
				ASSETCATALOG_COMPILER_APPICON_NAME = AppIcon;
				CODE_SIGN_STYLE = Automatic;
				DEVELOPMENT_TEAM = H63JK63G6G;
				INFOPLIST_FILE = OtpFlow/Info.plist;
				LD_RUNPATH_SEARCH_PATHS = (
					"$(inherited)",
					"@executable_path/Frameworks",
				);
				PRODUCT_BUNDLE_IDENTIFIER = com.augustius.OtpFlow;
				PRODUCT_NAME = "$(TARGET_NAME)";
				SWIFT_VERSION = 4.0;
				TARGETED_DEVICE_FAMILY = "1,2";
			};
			name = Debug;
		};
		2766F77A20FDC3E700B8A2AF /* Release */ = {
			isa = XCBuildConfiguration;
			buildSettings = {
				ASSETCATALOG_COMPILER_APPICON_NAME = AppIcon;
				CODE_SIGN_STYLE = Automatic;
				DEVELOPMENT_TEAM = H63JK63G6G;
				INFOPLIST_FILE = OtpFlow/Info.plist;
				LD_RUNPATH_SEARCH_PATHS = (
					"$(inherited)",
					"@executable_path/Frameworks",
				);
				PRODUCT_BUNDLE_IDENTIFIER = com.augustius.OtpFlow;
				PRODUCT_NAME = "$(TARGET_NAME)";
				SWIFT_VERSION = 4.0;
				TARGETED_DEVICE_FAMILY = "1,2";
			};
			name = Release;
		};
		2766F77C20FDC3E700B8A2AF /* Debug */ = {
			isa = XCBuildConfiguration;
			buildSettings = {
				ALWAYS_EMBED_SWIFT_STANDARD_LIBRARIES = YES;
				BUNDLE_LOADER = "$(TEST_HOST)";
				CODE_SIGN_STYLE = Automatic;
				DEVELOPMENT_TEAM = H63JK63G6G;
				INFOPLIST_FILE = OtpFlowTests/Info.plist;
				LD_RUNPATH_SEARCH_PATHS = (
					"$(inherited)",
					"@executable_path/Frameworks",
					"@loader_path/Frameworks",
				);
				PRODUCT_BUNDLE_IDENTIFIER = com.augustius.OtpFlowTests;
				PRODUCT_NAME = "$(TARGET_NAME)";
				SWIFT_VERSION = 4.0;
				TARGETED_DEVICE_FAMILY = "1,2";
				TEST_HOST = "$(BUILT_PRODUCTS_DIR)/OtpFlow.app/OtpFlow";
			};
			name = Debug;
		};
		2766F77D20FDC3E700B8A2AF /* Release */ = {
			isa = XCBuildConfiguration;
			buildSettings = {
				ALWAYS_EMBED_SWIFT_STANDARD_LIBRARIES = YES;
				BUNDLE_LOADER = "$(TEST_HOST)";
				CODE_SIGN_STYLE = Automatic;
				DEVELOPMENT_TEAM = H63JK63G6G;
				INFOPLIST_FILE = OtpFlowTests/Info.plist;
				LD_RUNPATH_SEARCH_PATHS = (
					"$(inherited)",
					"@executable_path/Frameworks",
					"@loader_path/Frameworks",
				);
				PRODUCT_BUNDLE_IDENTIFIER = com.augustius.OtpFlowTests;
				PRODUCT_NAME = "$(TARGET_NAME)";
				SWIFT_VERSION = 4.0;
				TARGETED_DEVICE_FAMILY = "1,2";
				TEST_HOST = "$(BUILT_PRODUCTS_DIR)/OtpFlow.app/OtpFlow";
			};
			name = Release;
		};
		2766F77F20FDC3E700B8A2AF /* Debug */ = {
			isa = XCBuildConfiguration;
			buildSettings = {
				ALWAYS_EMBED_SWIFT_STANDARD_LIBRARIES = YES;
				CODE_SIGN_STYLE = Automatic;
				DEVELOPMENT_TEAM = H63JK63G6G;
				INFOPLIST_FILE = OtpFlowUITests/Info.plist;
				LD_RUNPATH_SEARCH_PATHS = (
					"$(inherited)",
					"@executable_path/Frameworks",
					"@loader_path/Frameworks",
				);
				PRODUCT_BUNDLE_IDENTIFIER = com.augustius.OtpFlowUITests;
				PRODUCT_NAME = "$(TARGET_NAME)";
				SWIFT_VERSION = 4.0;
				TARGETED_DEVICE_FAMILY = "1,2";
				TEST_TARGET_NAME = OtpFlow;
			};
			name = Debug;
		};
		2766F78020FDC3E700B8A2AF /* Release */ = {
			isa = XCBuildConfiguration;
			buildSettings = {
				ALWAYS_EMBED_SWIFT_STANDARD_LIBRARIES = YES;
				CODE_SIGN_STYLE = Automatic;
				DEVELOPMENT_TEAM = H63JK63G6G;
				INFOPLIST_FILE = OtpFlowUITests/Info.plist;
				LD_RUNPATH_SEARCH_PATHS = (
					"$(inherited)",
					"@executable_path/Frameworks",
					"@loader_path/Frameworks",
				);
				PRODUCT_BUNDLE_IDENTIFIER = com.augustius.OtpFlowUITests;
				PRODUCT_NAME = "$(TARGET_NAME)";
				SWIFT_VERSION = 4.0;
				TARGETED_DEVICE_FAMILY = "1,2";
				TEST_TARGET_NAME = OtpFlow;
			};
			name = Release;
		};
/* End XCBuildConfiguration section */

/* Begin XCConfigurationList section */
		2766F74820FDC3E300B8A2AF /* Build configuration list for PBXProject "OtpFlow" */ = {
			isa = XCConfigurationList;
			buildConfigurations = (
				2766F77620FDC3E700B8A2AF /* Debug */,
				2766F77720FDC3E700B8A2AF /* Release */,
			);
			defaultConfigurationIsVisible = 0;
			defaultConfigurationName = Release;
		};
		2766F77820FDC3E700B8A2AF /* Build configuration list for PBXNativeTarget "OtpFlow" */ = {
			isa = XCConfigurationList;
			buildConfigurations = (
				2766F77920FDC3E700B8A2AF /* Debug */,
				2766F77A20FDC3E700B8A2AF /* Release */,
			);
			defaultConfigurationIsVisible = 0;
			defaultConfigurationName = Release;
		};
		2766F77B20FDC3E700B8A2AF /* Build configuration list for PBXNativeTarget "OtpFlowTests" */ = {
			isa = XCConfigurationList;
			buildConfigurations = (
				2766F77C20FDC3E700B8A2AF /* Debug */,
				2766F77D20FDC3E700B8A2AF /* Release */,
			);
			defaultConfigurationIsVisible = 0;
			defaultConfigurationName = Release;
		};
		2766F77E20FDC3E700B8A2AF /* Build configuration list for PBXNativeTarget "OtpFlowUITests" */ = {
			isa = XCConfigurationList;
			buildConfigurations = (
				2766F77F20FDC3E700B8A2AF /* Debug */,
				2766F78020FDC3E700B8A2AF /* Release */,
			);
			defaultConfigurationIsVisible = 0;
			defaultConfigurationName = Release;
		};
/* End XCConfigurationList section */

/* Begin XCVersionGroup section */
		2766F75720FDC3E300B8A2AF /* OtpFlow.xcdatamodeld */ = {
			isa = XCVersionGroup;
			children = (
				2766F75820FDC3E300B8A2AF /* OtpFlow.xcdatamodel */,
			);
			currentVersion = 2766F75820FDC3E300B8A2AF /* OtpFlow.xcdatamodel */;
			path = OtpFlow.xcdatamodeld;
			sourceTree = "<group>";
			versionGroupType = wrapper.xcdatamodel;
		};
/* End XCVersionGroup section */
	};
	rootObject = 2766F74520FDC3E300B8A2AF /* Project object */;
}
